# THIS IS AN AUTOGENERATED FILE. DO NOT EDIT THIS FILE DIRECTLY.
# yarn lockfile v1


"@cloudflare/workers-types@^4.20221111.1":
  version "4.20230419.0"
  resolved "https://registry.yarnpkg.com/@cloudflare/workers-types/-/workers-types-4.20230419.0.tgz#0d90e06d6ac3fcdd0c26e4c32817918811688c8b"
  integrity sha512-MfNBlHrI/ekRkbLtdAo23D4hkXF+3QD92OCwuXxCUK73HtMHuBqkMp9T/8KFbKNRCnz7PzUderc7Jr5m3eeW3g==

"@realm/common@^0.1.4":
  version "0.1.4"
  resolved "https://registry.yarnpkg.com/@realm/common/-/common-0.1.4.tgz#48ff628a22b27c61ba886caff395909632240927"
  integrity sha512-bKpIRZIQ4ykribFi0igCwuvf7P4+Ex2XYKqDw1JDe6sCGAaPMwhazooyM6h32fUjtXRTbdAWH2S9JH8Xh/LrqQ==

"@types/node@^16.6.1":
  version "16.18.25"
  resolved "https://registry.yarnpkg.com/@types/node/-/node-16.18.25.tgz#8863940fefa1234d3fcac7a4b7a48a6c992d67af"
  integrity sha512-rUDO6s9Q/El1R1I21HG4qw/LstTHCPO/oQNAwI/4b2f9EWvMnqt4d3HJwPMawfZ3UvodB8516Yg+VAq54YM+eA==

abort-controller@^3.0.0:
  version "3.0.0"
  resolved "https://registry.yarnpkg.com/abort-controller/-/abort-controller-3.0.0.tgz#eaf54d53b62bae4138e809ca225c8439a6efb392"
  integrity sha512-h8lQ8tacZYnR3vNQTgibj+tODHI5/+l06Au2Pcriv/Gmet0eaj4TwWH41sO9wnHDiQsEj19q0drzdWdeAHtweg==
  dependencies:
    event-target-shim "^5.0.0"

base64-js@^1.3.1:
  version "1.5.1"
  resolved "https://registry.yarnpkg.com/base64-js/-/base64-js-1.5.1.tgz#1b1b440160a5bf7ad40b650f095963481903930a"
  integrity sha512-AKpaYlHn8t4SVbOHCy+b5+KKgvR4vrsD8vbvrbiQJps7fKDTkjkDry6ji0rUJjC0kzbNePLwzxq8iypo41qeWA==

bson@^4.5.4:
  version "4.7.2"
  resolved "https://registry.yarnpkg.com/bson/-/bson-4.7.2.tgz#320f4ad0eaf5312dd9b45dc369cc48945e2a5f2e"
  integrity sha512-Ry9wCtIZ5kGqkJoi6aD8KjxFZEx78guTQDnpXWiNthsxzrxAK/i8E6pCHAIZTbaEFWcOCvbecMukfK7XUvyLpQ==
  dependencies:
    buffer "^5.6.0"

buffer@^5.6.0:
  version "5.7.1"
  resolved "https://registry.yarnpkg.com/buffer/-/buffer-5.7.1.tgz#ba62e7c13133053582197160851a8f648e99eed0"
  integrity sha512-EHcyIPBQ4BSGlvjB16k5KgAJ27CIsHY/2JBmCRReo48y9rQ3MaUzWX3KVlBa4U7MyX02HdVj0K7C3WaB3ju7FQ==
  dependencies:
    base64-js "^1.3.1"
    ieee754 "^1.1.13"

detect-browser@^5.2.1:
  version "5.3.0"
  resolved "https://registry.yarnpkg.com/detect-browser/-/detect-browser-5.3.0.tgz#9705ef2bddf46072d0f7265a1fe300e36fe7ceca"
  integrity sha512-53rsFbGdwMwlF7qvCt0ypLM5V5/Mbl0szB7GPN8y9NCcbknYOeVVXdrXEq+90IwAfrrzt6Hd+u2E2ntakICU8w==

event-target-shim@^5.0.0:
  version "5.0.1"
  resolved "https://registry.yarnpkg.com/event-target-shim/-/event-target-shim-5.0.1.tgz#5d4d3ebdf9583d63a5333ce2deb7480ab2b05789"
  integrity sha512-i/2XbnSz/uxRCU6+NdVJgKWDTM427+MqYbkQzD321DuCQJUqOuJKIA0IM2+W2xtYHdKOmZ4dR6fExsd4SXL+WQ==

hono-mongodb-altas@ThinhVu/hono-mongodb-atlas:
  version "0.0.1"
  resolved "https://codeload.github.com/ThinhVu/hono-mongodb-atlas/tar.gz/690be48e21d2114c630c72b208919908fe200e65"
  dependencies:
    realm-web "2.0.0"

hono@^3.1.6:
  version "3.1.7"
  resolved "https://registry.yarnpkg.com/hono/-/hono-3.1.7.tgz#054d12df66a4f30dec3b6d97eb674f211947b7b7"
  integrity sha512-AJto2QdBUutbJ4bVU3Vdf3IoWmtyiSoypRHfEJtTnG0WkGKhS7XVWwcwjQwbtNxoXd/iXu6mkJw0sYpVvySIAQ==

ieee754@^1.1.13:
  version "1.2.1"
  resolved "https://registry.yarnpkg.com/ieee754/-/ieee754-1.2.1.tgz#8eb7a10a63fff25d15a57b001586d177d1b0d352"
  integrity sha512-dcyqhDvX1C46lXZcVqCpK+FtMRQVdIMN6/Df5js2zouUsqG7I6sFxitIC+7KYK29KdXOLHdu9zL4sFnoVQnqaA==

js-base64@^3.7.2:
  version "3.7.5"
  resolved "https://registry.yarnpkg.com/js-base64/-/js-base64-3.7.5.tgz#21e24cf6b886f76d6f5f165bfcd69cc55b9e3fca"
  integrity sha512-3MEt5DTINKqfScXKfJFrRbxkrnk2AxPWGBL/ycjz4dK8iqiSJ06UxD8jh8xuh6p10TX4t2+7FsBYVxxQbMg+qA==

node-fetch@^2.6.0:
  version "2.6.9"
  resolved "https://registry.yarnpkg.com/node-fetch/-/node-fetch-2.6.9.tgz#7c7f744b5cc6eb5fd404e0c7a9fec630a55657e6"
  integrity sha512-DJm/CJkZkRjKKj4Zi4BsKVZh3ValV5IR5s7LVZnW+6YMh0W1BfNA8XSs6DLMGYlId5F3KnA70uu2qepcR08Qqg==
  dependencies:
    whatwg-url "^5.0.0"

realm-web@2.0.0, realm-web@^2.0.0:
  version "2.0.0"
  resolved "https://registry.yarnpkg.com/realm-web/-/realm-web-2.0.0.tgz#997cfe3848eb4c3115a00f07548008550cd4c1a1"
  integrity sha512-ANutYEvA2UsTlzPA+P8SAgQ5iK7w+9vyZUEH43ENZD1eLIzTt1T6TLptWeq0eaX9OplmRK7jiS5a+OR4NStPRg==
  dependencies:
    "@realm/common" "^0.1.4"
    bson "^4.5.4"
    detect-browser "^5.2.1"
    js-base64 "^3.7.2"
  optionalDependencies:
    abort-controller "^3.0.0"
    node-fetch "^2.6.0"

tr46@~0.0.3:
  version "0.0.3"
  resolved "https://registry.yarnpkg.com/tr46/-/tr46-0.0.3.tgz#8184fd347dac9cdc185992f3a6622e14b9d9ab6a"
  integrity sha512-N3WMsuqV66lT30CrXNbEjx4GEwlow3v6rr4mCcv6prnfwhS01rkgyFdjPNBYd9br7LpXV1+Emh01fHnq2Gdgrw==

typescript@^4.5.4:
  version "4.9.5"
  resolved "https://registry.yarnpkg.com/typescript/-/typescript-4.9.5.tgz#095979f9bcc0d09da324d58d03ce8f8374cbe65a"
  integrity sha512-1FXk9E2Hm+QzZQ7z+McJiHL4NW1F2EzMu9Nq9i3zAaGqibafqYwCVU6WyWAuyQRRzOlxou8xZSyXLEN8oKj24g==

webidl-conversions@^3.0.0:
  version "3.0.1"
  resolved "https://registry.yarnpkg.com/webidl-conversions/-/webidl-conversions-3.0.1.tgz#24534275e2a7bc6be7bc86611cc16ae0a5654871"
  integrity sha512-2JAn3z8AR6rjK8Sm8orRC0h/bcl/DqL7tRPdGZ4I1CjdF+EaMLmYxBHyXuKL849eucPFhvBoxMsflfOb8kxaeQ==

whatwg-url@^5.0.0:
  version "5.0.0"
  resolved "https://registry.yarnpkg.com/whatwg-url/-/whatwg-url-5.0.0.tgz#966454e8765462e37644d3626f6742ce8b70965d"
  integrity sha512-saE57nupxk6v3HY35+jzBwYa0rKSy0XR8JSxZPwgLr7ys0IBzhGviA1/TUGJLmSVqs8pb9AnvICXEuOHLprYTw==
  dependencies:
    tr46 "~0.0.3"
    webidl-conversions "^3.0.0"
